
Microsoft Visual Studio Solution File, Format Version 12.00
# Visual Studio Version 17
VisualStudioVersion = 17.13.35825.156 d17.13
MinimumVisualStudioVersion = 10.0.40219.1
Project("{FAE04EC0-301F-11D3-BF4B-00C04F79EFBC}") = "HttpClientDemo", "HttpClientDemo\HttpClientDemo.csproj", "{A525F820-488A-4657-A151-939E21249C2C}"
EndProject
Global
	GlobalSection(SolutionConfigurationPlatforms) = preSolution
		Debug|Any CPU = Debug|Any CPU
		Release|Any CPU = Release|Any CPU
	EndGlobalSection
	GlobalSection(ProjectConfigurationPlatforms) = postSolution
		{A525F820-488A-4657-A151-939E21249C2C}.Debug|Any CPU.ActiveCfg = Debug|Any CPU
		{A525F820-488A-4657-A151-939E21249C2C}.Debug|Any CPU.Build.0 = Debug|Any CPU
		{A525F820-488A-4657-A151-939E21249C2C}.Release|Any CPU.ActiveCfg = Release|Any CPU
		{A525F820-488A-4657-A151-939E21249C2C}.Release|Any CPU.Build.0 = Release|Any CPU
	EndGlobalSection
	GlobalSection(SolutionProperties) = preSolution
		HideSolutionNode = FALSE
	EndGlobalSection
	GlobalSection(ExtensibilityGlobals) = postSolution
		SolutionGuid = {4EB1AB95-6C2B-4292-B314-91E9A22CEF07}
	EndGlobalSection
EndGlobal
